
Microsoft Visual Studio Solution File, Format Version 12.00
# Visual Studio 15
VisualStudioVersion = 15.0.27703.2026
MinimumVisualStudioVersion = 10.0.40219.1
Project("{FAE04EC0-301F-11D3-BF4B-00C04F79EFBC}") = "Core", "Core\Core.csproj", "{B9FEFABE-6D8E-4E4E-AA54-50EACE3B82BD}"
EndProject
Project("{FAE04EC0-301F-11D3-BF4B-00C04F79EFBC}") = "Business", "Business\Business.csproj", "{42D13D2B-C0A7-4A0E-98B7-E710A7250E87}"
EndProject
Project("{FAE04EC0-301F-11D3-BF4B-00C04F79EFBC}") = "Business.Tests", "Business.Tests\Business.Tests.csproj", "{ED01802C-BF91-4B49-AC4E-EC13BA3049F3}"
EndProject
Project("{FAE04EC0-301F-11D3-BF4B-00C04F79EFBC}") = "Rules", "Rules\Rules.csproj", "{D66A140C-0F0D-485C-843E-D5E2FD9FC3EE}"
EndProject
Project("{FAE04EC0-301F-11D3-BF4B-00C04F79EFBC}") = "RosWrap", "RosWrap\RosWrap.csproj", "{3DFACB0F-5903-4742-8D0A-6D2FF4BF4EEE}"
EndProject
Project("{FAE04EC0-301F-11D3-BF4B-00C04F79EFBC}") = "TestCallerConsole", "TestCallerConsole\TestCallerConsole.csproj", "{77E0A76A-CB3D-405B-BAE2-7AEE14087497}"
EndProject
Project("{2150E333-8FDC-42A3-9474-1A3956D46DE8}") = "todo", "todo", "{EB101AED-568A-4833-82A0-14A1D67C0FC5}"
	ProjectSection(SolutionItems) = preProject
		todo.txt = todo.txt
	EndProjectSection
EndProject
Global
	GlobalSection(SolutionConfigurationPlatforms) = preSolution
		Debug|Any CPU = Debug|Any CPU
		Release|Any CPU = Release|Any CPU
	EndGlobalSection
	GlobalSection(ProjectConfigurationPlatforms) = postSolution
		{B9FEFABE-6D8E-4E4E-AA54-50EACE3B82BD}.Debug|Any CPU.ActiveCfg = Debug|Any CPU
		{B9FEFABE-6D8E-4E4E-AA54-50EACE3B82BD}.Debug|Any CPU.Build.0 = Debug|Any CPU
		{B9FEFABE-6D8E-4E4E-AA54-50EACE3B82BD}.Release|Any CPU.ActiveCfg = Release|Any CPU
		{B9FEFABE-6D8E-4E4E-AA54-50EACE3B82BD}.Release|Any CPU.Build.0 = Release|Any CPU
		{42D13D2B-C0A7-4A0E-98B7-E710A7250E87}.Debug|Any CPU.ActiveCfg = Debug|Any CPU
		{42D13D2B-C0A7-4A0E-98B7-E710A7250E87}.Debug|Any CPU.Build.0 = Debug|Any CPU
		{42D13D2B-C0A7-4A0E-98B7-E710A7250E87}.Release|Any CPU.ActiveCfg = Release|Any CPU
		{42D13D2B-C0A7-4A0E-98B7-E710A7250E87}.Release|Any CPU.Build.0 = Release|Any CPU
		{ED01802C-BF91-4B49-AC4E-EC13BA3049F3}.Debug|Any CPU.ActiveCfg = Debug|Any CPU
		{ED01802C-BF91-4B49-AC4E-EC13BA3049F3}.Debug|Any CPU.Build.0 = Debug|Any CPU
		{ED01802C-BF91-4B49-AC4E-EC13BA3049F3}.Release|Any CPU.ActiveCfg = Release|Any CPU
		{ED01802C-BF91-4B49-AC4E-EC13BA3049F3}.Release|Any CPU.Build.0 = Release|Any CPU
		{D66A140C-0F0D-485C-843E-D5E2FD9FC3EE}.Debug|Any CPU.ActiveCfg = Debug|Any CPU
		{D66A140C-0F0D-485C-843E-D5E2FD9FC3EE}.Debug|Any CPU.Build.0 = Debug|Any CPU
		{D66A140C-0F0D-485C-843E-D5E2FD9FC3EE}.Release|Any CPU.ActiveCfg = Release|Any CPU
		{D66A140C-0F0D-485C-843E-D5E2FD9FC3EE}.Release|Any CPU.Build.0 = Release|Any CPU
		{3DFACB0F-5903-4742-8D0A-6D2FF4BF4EEE}.Debug|Any CPU.ActiveCfg = Debug|Any CPU
		{3DFACB0F-5903-4742-8D0A-6D2FF4BF4EEE}.Debug|Any CPU.Build.0 = Debug|Any CPU
		{3DFACB0F-5903-4742-8D0A-6D2FF4BF4EEE}.Release|Any CPU.ActiveCfg = Release|Any CPU
		{3DFACB0F-5903-4742-8D0A-6D2FF4BF4EEE}.Release|Any CPU.Build.0 = Release|Any CPU
		{77E0A76A-CB3D-405B-BAE2-7AEE14087497}.Debug|Any CPU.ActiveCfg = Debug|Any CPU
		{77E0A76A-CB3D-405B-BAE2-7AEE14087497}.Debug|Any CPU.Build.0 = Debug|Any CPU
		{77E0A76A-CB3D-405B-BAE2-7AEE14087497}.Release|Any CPU.ActiveCfg = Release|Any CPU
		{77E0A76A-CB3D-405B-BAE2-7AEE14087497}.Release|Any CPU.Build.0 = Release|Any CPU
	EndGlobalSection
	GlobalSection(SolutionProperties) = preSolution
		HideSolutionNode = FALSE
	EndGlobalSection
	GlobalSection(ExtensibilityGlobals) = postSolution
		SolutionGuid = {6CB63528-D20D-40C7-835D-B5151A9E0EC7}
	EndGlobalSection
EndGlobal
